
Microsoft Visual Studio Solution File, Format Version 12.00
# Visual Studio Version 17
VisualStudioVersion = 17.1.32319.34
MinimumVisualStudioVersion = 10.0.40219.1
Project("{FAE04EC0-301F-11D3-BF4B-00C04F79EFBC}") = "sgBaseGovPtRestClientWin", "sgBaseGovPtRestClientWin\sgBaseGovPtRestClientWin.csproj", "{7867A31E-807E-494A-A612-B6764A9A4014}"
EndProject
Project("{FAE04EC0-301F-11D3-BF4B-00C04F79EFBC}") = "sgBaseGovPtRestClient", "sgBaseGovPtRestClient\sgBaseGovPtRestClient.csproj", "{D429F477-A67C-481B-8064-779C6F295EC6}"
EndProject
Global
	GlobalSection(SolutionConfigurationPlatforms) = preSolution
		Debug|Any CPU = Debug|Any CPU
		Release|Any CPU = Release|Any CPU
	EndGlobalSection
	GlobalSection(ProjectConfigurationPlatforms) = postSolution
		{7867A31E-807E-494A-A612-B6764A9A4014}.Debug|Any CPU.ActiveCfg = Debug|Any CPU
		{7867A31E-807E-494A-A612-B6764A9A4014}.Debug|Any CPU.Build.0 = Debug|Any CPU
		{7867A31E-807E-494A-A612-B6764A9A4014}.Release|Any CPU.ActiveCfg = Release|Any CPU
		{7867A31E-807E-494A-A612-B6764A9A4014}.Release|Any CPU.Build.0 = Release|Any CPU
		{D429F477-A67C-481B-8064-779C6F295EC6}.Debug|Any CPU.ActiveCfg = Debug|Any CPU
		{D429F477-A67C-481B-8064-779C6F295EC6}.Debug|Any CPU.Build.0 = Debug|Any CPU
		{D429F477-A67C-481B-8064-779C6F295EC6}.Release|Any CPU.ActiveCfg = Release|Any CPU
		{D429F477-A67C-481B-8064-779C6F295EC6}.Release|Any CPU.Build.0 = Release|Any CPU
	EndGlobalSection
	GlobalSection(SolutionProperties) = preSolution
		HideSolutionNode = FALSE
	EndGlobalSection
	GlobalSection(ExtensibilityGlobals) = postSolution
		SolutionGuid = {E7438733-5CEB-41A7-B75E-F4B40E813D8D}
	EndGlobalSection
EndGlobal
